{
  "name": "mupdf.js",
  "lockfileVersion": 3,
  "requires": true,
  "packages": {
    "": {
      "dependencies": {
        "mupdf": "^1.26.2"
      }
    },
    "node_modules/mupdf": {
      "version": "1.26.2",
      "resolved": "https://registry.npmjs.org/mupdf/-/mupdf-1.26.2.tgz",
      "integrity": "sha512-BYSTaIyHnSkkZog+Bh+VRT+TPguqt3MPiOkOdXJaWnr55lwHAe6/vF+WXKjncOOPXeQeDrXbypnxIv4eUBirSA==",
      "license": "AGPL-3.0-or-later"
    }
  }
}
